
Microsoft Visual Studio Solution File, Format Version 11.00
# Visual Studio 2010
Project("{FAE04EC0-301F-11D3-BF4B-00C04F79EFBC}") = "MyGitTest", "MyGitTest\MyGitTest.csproj", "{A963CD6B-F13F-4CB5-97FA-9DF0ECDB57E2}"
EndProject
Global
	GlobalSection(SolutionConfigurationPlatforms) = preSolution
		Debug|Any CPU = Debug|Any CPU
		Release|Any CPU = Release|Any CPU
	EndGlobalSection
	GlobalSection(ProjectConfigurationPlatforms) = postSolution
		{A963CD6B-F13F-4CB5-97FA-9DF0ECDB57E2}.Debug|Any CPU.ActiveCfg = Debug|Any CPU
		{A963CD6B-F13F-4CB5-97FA-9DF0ECDB57E2}.Debug|Any CPU.Build.0 = Debug|Any CPU
		{A963CD6B-F13F-4CB5-97FA-9DF0ECDB57E2}.Release|Any CPU.ActiveCfg = Release|Any CPU
		{A963CD6B-F13F-4CB5-97FA-9DF0ECDB57E2}.Release|Any CPU.Build.0 = Release|Any CPU
	EndGlobalSection
	GlobalSection(SolutionProperties) = preSolution
		HideSolutionNode = FALSE
	EndGlobalSection
EndGlobal
